// !$*UTF8*$!
{
	archiveVersion = 1;
	classes = {
	};
	objectVersion = 55;
	objects = {

/* Begin PBXBuildFile section */
		F629E59B27519E8D0046B644 /* RegisterViewModel.swift in Sources */ = {isa = PBXBuildFile; fileRef = F629E59A27519E8D0046B644 /* RegisterViewModel.swift */; };
		F629E59D2751A2850046B644 /* LoginViewModel.swift in Sources */ = {isa = PBXBuildFile; fileRef = F629E59C2751A2850046B644 /* LoginViewModel.swift */; };
		F67E0FD6274EEA4700980C1E /* U_FungiFinderApp.swift in Sources */ = {isa = PBXBuildFile; fileRef = F67E0FD5274EEA4700980C1E /* U_FungiFinderApp.swift */; };
		F67E0FD8274EEA4700980C1E /* ContentView.swift in Sources */ = {isa = PBXBuildFile; fileRef = F67E0FD7274EEA4700980C1E /* ContentView.swift */; };
		F67E0FDA274EEA4800980C1E /* Assets.xcassets in Resources */ = {isa = PBXBuildFile; fileRef = F67E0FD9274EEA4800980C1E /* Assets.xcassets */; };
		F67E0FDD274EEA4800980C1E /* Preview Assets.xcassets in Resources */ = {isa = PBXBuildFile; fileRef = F67E0FDC274EEA4800980C1E /* Preview Assets.xcassets */; };
		F67E0FE6274EEB6E00980C1E /* UIImage+Extensions.swift in Sources */ = {isa = PBXBuildFile; fileRef = F67E0FE4274EEB6E00980C1E /* UIImage+Extensions.swift */; };
		F67E0FE7274EEB6E00980C1E /* View+Extensions.swift in Sources */ = {isa = PBXBuildFile; fileRef = F67E0FE5274EEB6E00980C1E /* View+Extensions.swift */; };
		F67E0FF3274EEB9F00980C1E /* LoginView.swift in Sources */ = {isa = PBXBuildFile; fileRef = F67E0FE9274EEB9F00980C1E /* LoginView.swift */; };
		F67E0FF4274EEB9F00980C1E /* ImagePicker.swift in Sources */ = {isa = PBXBuildFile; fileRef = F67E0FEA274EEB9F00980C1E /* ImagePicker.swift */; };
		F67E0FF5274EEB9F00980C1E /* PhotoCaptureView.swift in Sources */ = {isa = PBXBuildFile; fileRef = F67E0FEB274EEB9F00980C1E /* PhotoCaptureView.swift */; };
		F67E0FF6274EEB9F00980C1E /* PrimaryButtonStyle.swift in Sources */ = {isa = PBXBuildFile; fileRef = F67E0FED274EEB9F00980C1E /* PrimaryButtonStyle.swift */; };
		F67E0FF7274EEB9F00980C1E /* SecondaryButtonStyle.swift in Sources */ = {isa = PBXBuildFile; fileRef = F67E0FEE274EEB9F00980C1E /* SecondaryButtonStyle.swift */; };
		F67E0FF8274EEB9F00980C1E /* EmptyFungiView.swift in Sources */ = {isa = PBXBuildFile; fileRef = F67E0FEF274EEB9F00980C1E /* EmptyFungiView.swift */; };
		F67E0FF9274EEB9F00980C1E /* FungiListView.swift in Sources */ = {isa = PBXBuildFile; fileRef = F67E0FF0274EEB9F00980C1E /* FungiListView.swift */; };
		F67E0FFA274EEB9F00980C1E /* RegisterView.swift in Sources */ = {isa = PBXBuildFile; fileRef = F67E0FF1274EEB9F00980C1E /* RegisterView.swift */; };
		F67E0FFB274EEB9F00980C1E /* LoadingView.swift in Sources */ = {isa = PBXBuildFile; fileRef = F67E0FF2274EEB9F00980C1E /* LoadingView.swift */; };
		F67E0FFF274EF16600980C1E /* GoogleService-Info.plist in Resources */ = {isa = PBXBuildFile; fileRef = F67E0FFE274EF16600980C1E /* GoogleService-Info.plist */; };
		F67E1002274EF68D00980C1E /* FirebaseAuth in Frameworks */ = {isa = PBXBuildFile; productRef = F67E1001274EF68D00980C1E /* FirebaseAuth */; };
		F67E1004274EF68D00980C1E /* FirebaseFirestore in Frameworks */ = {isa = PBXBuildFile; productRef = F67E1003274EF68D00980C1E /* FirebaseFirestore */; };
		F67E1006274EF68D00980C1E /* FirebaseFirestoreCombine-Community in Frameworks */ = {isa = PBXBuildFile; productRef = F67E1005274EF68D00980C1E /* FirebaseFirestoreCombine-Community */; };
		F67E1008274EF68D00980C1E /* FirebaseFirestoreSwift-Beta in Frameworks */ = {isa = PBXBuildFile; productRef = F67E1007274EF68D00980C1E /* FirebaseFirestoreSwift-Beta */; };
		F67E100A274EF68D00980C1E /* FirebaseStorage in Frameworks */ = {isa = PBXBuildFile; productRef = F67E1009274EF68D00980C1E /* FirebaseStorage */; };
		F67E100C274EF68D00980C1E /* FirebaseStorageCombine-Community in Frameworks */ = {isa = PBXBuildFile; productRef = F67E100B274EF68D00980C1E /* FirebaseStorageCombine-Community */; };
		F67E100E274EF68D00980C1E /* FirebaseStorageSwift-Beta in Frameworks */ = {isa = PBXBuildFile; productRef = F67E100D274EF68D00980C1E /* FirebaseStorageSwift-Beta */; };
		F6A3A3E5274EFAA7008421C1 /* TasksContentView.swift in Sources */ = {isa = PBXBuildFile; fileRef = F6A3A3E2274EFAA7008421C1 /* TasksContentView.swift */; };
		F6A3A3E6274EFAA7008421C1 /* TaskDetailView.swift in Sources */ = {isa = PBXBuildFile; fileRef = F6A3A3E3274EFAA7008421C1 /* TaskDetailView.swift */; };
		F6A3A3E7274EFAA7008421C1 /* Task.swift in Sources */ = {isa = PBXBuildFile; fileRef = F6A3A3E4274EFAA7008421C1 /* Task.swift */; };
/* End PBXBuildFile section */

/* Begin PBXFileReference section */
		F629E59A27519E8D0046B644 /* RegisterViewModel.swift */ = {isa = PBXFileReference; lastKnownFileType = sourcecode.swift; path = RegisterViewModel.swift; sourceTree = "<group>"; };
		F629E59C2751A2850046B644 /* LoginViewModel.swift */ = {isa = PBXFileReference; lastKnownFileType = sourcecode.swift; path = LoginViewModel.swift; sourceTree = "<group>"; };
		F67E0FD2274EEA4700980C1E /* U_FungiFinder.app */ = {isa = PBXFileReference; explicitFileType = wrapper.application; includeInIndex = 0; path = U_FungiFinder.app; sourceTree = BUILT_PRODUCTS_DIR; };
		F67E0FD5274EEA4700980C1E /* U_FungiFinderApp.swift */ = {isa = PBXFileReference; lastKnownFileType = sourcecode.swift; path = U_FungiFinderApp.swift; sourceTree = "<group>"; };
		F67E0FD7274EEA4700980C1E /* ContentView.swift */ = {isa = PBXFileReference; lastKnownFileType = sourcecode.swift; path = ContentView.swift; sourceTree = "<group>"; };
		F67E0FD9274EEA4800980C1E /* Assets.xcassets */ = {isa = PBXFileReference; lastKnownFileType = folder.assetcatalog; path = Assets.xcassets; sourceTree = "<group>"; };
		F67E0FDC274EEA4800980C1E /* Preview Assets.xcassets */ = {isa = PBXFileReference; lastKnownFileType = folder.assetcatalog; path = "Preview Assets.xcassets"; sourceTree = "<group>"; };
		F67E0FE4274EEB6E00980C1E /* UIImage+Extensions.swift */ = {isa = PBXFileReference; fileEncoding = 4; lastKnownFileType = sourcecode.swift; path = "UIImage+Extensions.swift"; sourceTree = "<group>"; };
		F67E0FE5274EEB6E00980C1E /* View+Extensions.swift */ = {isa = PBXFileReference; fileEncoding = 4; lastKnownFileType = sourcecode.swift; path = "View+Extensions.swift"; sourceTree = "<group>"; };
		F67E0FE9274EEB9F00980C1E /* LoginView.swift */ = {isa = PBXFileReference; fileEncoding = 4; lastKnownFileType = sourcecode.swift; path = LoginView.swift; sourceTree = "<group>"; };
		F67E0FEA274EEB9F00980C1E /* ImagePicker.swift */ = {isa = PBXFileReference; fileEncoding = 4; lastKnownFileType = sourcecode.swift; path = ImagePicker.swift; sourceTree = "<group>"; };
		F67E0FEB274EEB9F00980C1E /* PhotoCaptureView.swift */ = {isa = PBXFileReference; fileEncoding = 4; lastKnownFileType = sourcecode.swift; path = PhotoCaptureView.swift; sourceTree = "<group>"; };
		F67E0FED274EEB9F00980C1E /* PrimaryButtonStyle.swift */ = {isa = PBXFileReference; fileEncoding = 4; lastKnownFileType = sourcecode.swift; path = PrimaryButtonStyle.swift; sourceTree = "<group>"; };
		F67E0FEE274EEB9F00980C1E /* SecondaryButtonStyle.swift */ = {isa = PBXFileReference; fileEncoding = 4; lastKnownFileType = sourcecode.swift; path = SecondaryButtonStyle.swift; sourceTree = "<group>"; };
		F67E0FEF274EEB9F00980C1E /* EmptyFungiView.swift */ = {isa = PBXFileReference; fileEncoding = 4; lastKnownFileType = sourcecode.swift; path = EmptyFungiView.swift; sourceTree = "<group>"; };
		F67E0FF0274EEB9F00980C1E /* FungiListView.swift */ = {isa = PBXFileReference; fileEncoding = 4; lastKnownFileType = sourcecode.swift; path = FungiListView.swift; sourceTree = "<group>"; };
		F67E0FF1274EEB9F00980C1E /* RegisterView.swift */ = {isa = PBXFileReference; fileEncoding = 4; lastKnownFileType = sourcecode.swift; path = RegisterView.swift; sourceTree = "<group>"; };
		F67E0FF2274EEB9F00980C1E /* LoadingView.swift */ = {isa = PBXFileReference; fileEncoding = 4; lastKnownFileType = sourcecode.swift; path = LoadingView.swift; sourceTree = "<group>"; };
		F67E0FFE274EF16600980C1E /* GoogleService-Info.plist */ = {isa = PBXFileReference; fileEncoding = 4; lastKnownFileType = text.plist.xml; path = "GoogleService-Info.plist"; sourceTree = "<group>"; };
		F6A3A3E2274EFAA7008421C1 /* TasksContentView.swift */ = {isa = PBXFileReference; fileEncoding = 4; lastKnownFileType = sourcecode.swift; path = TasksContentView.swift; sourceTree = "<group>"; };
		F6A3A3E3274EFAA7008421C1 /* TaskDetailView.swift */ = {isa = PBXFileReference; fileEncoding = 4; lastKnownFileType = sourcecode.swift; path = TaskDetailView.swift; sourceTree = "<group>"; };
		F6A3A3E4274EFAA7008421C1 /* Task.swift */ = {isa = PBXFileReference; fileEncoding = 4; lastKnownFileType = sourcecode.swift; path = Task.swift; sourceTree = "<group>"; };
/* End PBXFileReference section */

/* Begin PBXFrameworksBuildPhase section */
		F67E0FCF274EEA4700980C1E /* Frameworks */ = {
			isa = PBXFrameworksBuildPhase;
			buildActionMask = 2147483647;
			files = (
				F67E1006274EF68D00980C1E /* FirebaseFirestoreCombine-Community in Frameworks */,
				F67E1008274EF68D00980C1E /* FirebaseFirestoreSwift-Beta in Frameworks */,
				F67E1002274EF68D00980C1E /* FirebaseAuth in Frameworks */,
				F67E100A274EF68D00980C1E /* FirebaseStorage in Frameworks */,
				F67E100C274EF68D00980C1E /* FirebaseStorageCombine-Community in Frameworks */,
				F67E100E274EF68D00980C1E /* FirebaseStorageSwift-Beta in Frameworks */,
				F67E1004274EF68D00980C1E /* FirebaseFirestore in Frameworks */,
			);
			runOnlyForDeploymentPostprocessing = 0;
		};
/* End PBXFrameworksBuildPhase section */

/* Begin PBXGroup section */
		F67E0FC9274EEA4700980C1E = {
			isa = PBXGroup;
			children = (
				F67E0FD4274EEA4700980C1E /* U_FungiFinder */,
				F67E0FD3274EEA4700980C1E /* Products */,
			);
			sourceTree = "<group>";
		};
		F67E0FD3274EEA4700980C1E /* Products */ = {
			isa = PBXGroup;
			children = (
				F67E0FD2274EEA4700980C1E /* U_FungiFinder.app */,
			);
			name = Products;
			sourceTree = "<group>";
		};
		F67E0FD4274EEA4700980C1E /* U_FungiFinder */ = {
			isa = PBXGroup;
			children = (
				F6A3A3E1274EFAA7008421C1 /* TaskFBTest */,
				F67E0FD7274EEA4700980C1E /* ContentView.swift */,
				F67E0FFD274EEBBE00980C1E /* View Models */,
				F67E0FFC274EEBB000980C1E /* Models */,
				F67E0FE8274EEB9F00980C1E /* Views */,
				F67E0FE3274EEB6E00980C1E /* Extensions */,
				F67E0FD5274EEA4700980C1E /* U_FungiFinderApp.swift */,
				F67E0FD9274EEA4800980C1E /* Assets.xcassets */,
				F67E0FDB274EEA4800980C1E /* Preview Content */,
				F67E0FFE274EF16600980C1E /* GoogleService-Info.plist */,
			);
			path = U_FungiFinder;
			sourceTree = "<group>";
		};
		F67E0FDB274EEA4800980C1E /* Preview Content */ = {
			isa = PBXGroup;
			children = (
				F67E0FDC274EEA4800980C1E /* Preview Assets.xcassets */,
			);
			path = "Preview Content";
			sourceTree = "<group>";
		};
		F67E0FE3274EEB6E00980C1E /* Extensions */ = {
			isa = PBXGroup;
			children = (
				F67E0FE4274EEB6E00980C1E /* UIImage+Extensions.swift */,
				F67E0FE5274EEB6E00980C1E /* View+Extensions.swift */,
			);
			path = Extensions;
			sourceTree = "<group>";
		};
		F67E0FE8274EEB9F00980C1E /* Views */ = {
			isa = PBXGroup;
			children = (
				F67E0FE9274EEB9F00980C1E /* LoginView.swift */,
				F67E0FEA274EEB9F00980C1E /* ImagePicker.swift */,
				F67E0FEB274EEB9F00980C1E /* PhotoCaptureView.swift */,
				F67E0FEC274EEB9F00980C1E /* Styles */,
				F67E0FEF274EEB9F00980C1E /* EmptyFungiView.swift */,
				F67E0FF0274EEB9F00980C1E /* FungiListView.swift */,
				F67E0FF1274EEB9F00980C1E /* RegisterView.swift */,
				F67E0FF2274EEB9F00980C1E /* LoadingView.swift */,
			);
			path = Views;
			sourceTree = "<group>";
		};
		F67E0FEC274EEB9F00980C1E /* Styles */ = {
			isa = PBXGroup;
			children = (
				F67E0FED274EEB9F00980C1E /* PrimaryButtonStyle.swift */,
				F67E0FEE274EEB9F00980C1E /* SecondaryButtonStyle.swift */,
			);
			path = Styles;
			sourceTree = "<group>";
		};
		F67E0FFC274EEBB000980C1E /* Models */ = {
			isa = PBXGroup;
			children = (
			);
			path = Models;
			sourceTree = "<group>";
		};
		F67E0FFD274EEBBE00980C1E /* View Models */ = {
			isa = PBXGroup;
			children = (
				F629E59A27519E8D0046B644 /* RegisterViewModel.swift */,
				F629E59C2751A2850046B644 /* LoginViewModel.swift */,
			);
			path = "View Models";
			sourceTree = "<group>";
		};
		F6A3A3E1274EFAA7008421C1 /* TaskFBTest */ = {
			isa = PBXGroup;
			children = (
				F6A3A3E2274EFAA7008421C1 /* TasksContentView.swift */,
				F6A3A3E3274EFAA7008421C1 /* TaskDetailView.swift */,
				F6A3A3E4274EFAA7008421C1 /* Task.swift */,
			);
			path = TaskFBTest;
			sourceTree = "<group>";
		};
/* End PBXGroup section */

/* Begin PBXNativeTarget section */
		F67E0FD1274EEA4700980C1E /* U_FungiFinder */ = {
			isa = PBXNativeTarget;
			buildConfigurationList = F67E0FE0274EEA4800980C1E /* Build configuration list for PBXNativeTarget "U_FungiFinder" */;
			buildPhases = (
				F67E0FCE274EEA4700980C1E /* Sources */,
				F67E0FCF274EEA4700980C1E /* Frameworks */,
				F67E0FD0274EEA4700980C1E /* Resources */,
			);
			buildRules = (
			);
			dependencies = (
			);
			name = U_FungiFinder;
			packageProductDependencies = (
				F67E1001274EF68D00980C1E /* FirebaseAuth */,
				F67E1003274EF68D00980C1E /* FirebaseFirestore */,
				F67E1005274EF68D00980C1E /* FirebaseFirestoreCombine-Community */,
				F67E1007274EF68D00980C1E /* FirebaseFirestoreSwift-Beta */,
				F67E1009274EF68D00980C1E /* FirebaseStorage */,
				F67E100B274EF68D00980C1E /* FirebaseStorageCombine-Community */,
				F67E100D274EF68D00980C1E /* FirebaseStorageSwift-Beta */,
			);
			productName = U_FungiFinder;
			productReference = F67E0FD2274EEA4700980C1E /* U_FungiFinder.app */;
			productType = "com.apple.product-type.application";
		};
/* End PBXNativeTarget section */

/* Begin PBXProject section */
		F67E0FCA274EEA4700980C1E /* Project object */ = {
			isa = PBXProject;
			attributes = {
				BuildIndependentTargetsInParallel = 1;
				LastSwiftUpdateCheck = 1310;
				LastUpgradeCheck = 1310;
				TargetAttributes = {
					F67E0FD1274EEA4700980C1E = {
						CreatedOnToolsVersion = 13.1;
					};
				};
			};
			buildConfigurationList = F67E0FCD274EEA4700980C1E /* Build configuration list for PBXProject "U_FungiFinder" */;
			compatibilityVersion = "Xcode 13.0";
			developmentRegion = en;
			hasScannedForEncodings = 0;
			knownRegions = (
				en,
				Base,
			);
			mainGroup = F67E0FC9274EEA4700980C1E;
			packageReferences = (
				F67E1000274EF68D00980C1E /* XCRemoteSwiftPackageReference "firebase-ios-sdk" */,
			);
			productRefGroup = F67E0FD3274EEA4700980C1E /* Products */;
			projectDirPath = "";
			projectRoot = "";
			targets = (
				F67E0FD1274EEA4700980C1E /* U_FungiFinder */,
			);
		};
/* End PBXProject section */

/* Begin PBXResourcesBuildPhase section */
		F67E0FD0274EEA4700980C1E /* Resources */ = {
			isa = PBXResourcesBuildPhase;
			buildActionMask = 2147483647;
			files = (
				F67E0FDD274EEA4800980C1E /* Preview Assets.xcassets in Resources */,
				F67E0FDA274EEA4800980C1E /* Assets.xcassets in Resources */,
				F67E0FFF274EF16600980C1E /* GoogleService-Info.plist in Resources */,
			);
			runOnlyForDeploymentPostprocessing = 0;
		};
/* End PBXResourcesBuildPhase section */

/* Begin PBXSourcesBuildPhase section */
		F67E0FCE274EEA4700980C1E /* Sources */ = {
			isa = PBXSourcesBuildPhase;
			buildActionMask = 2147483647;
			files = (
				F67E0FE6274EEB6E00980C1E /* UIImage+Extensions.swift in Sources */,
				F67E0FF7274EEB9F00980C1E /* SecondaryButtonStyle.swift in Sources */,
				F67E0FD8274EEA4700980C1E /* ContentView.swift in Sources */,
				F6A3A3E5274EFAA7008421C1 /* TasksContentView.swift in Sources */,
				F67E0FF5274EEB9F00980C1E /* PhotoCaptureView.swift in Sources */,
				F67E0FE7274EEB6E00980C1E /* View+Extensions.swift in Sources */,
				F67E0FF6274EEB9F00980C1E /* PrimaryButtonStyle.swift in Sources */,
				F67E0FF8274EEB9F00980C1E /* EmptyFungiView.swift in Sources */,
				F629E59D2751A2850046B644 /* LoginViewModel.swift in Sources */,
				F6A3A3E7274EFAA7008421C1 /* Task.swift in Sources */,
				F629E59B27519E8D0046B644 /* RegisterViewModel.swift in Sources */,
				F67E0FF4274EEB9F00980C1E /* ImagePicker.swift in Sources */,
				F67E0FF3274EEB9F00980C1E /* LoginView.swift in Sources */,
				F67E0FFA274EEB9F00980C1E /* RegisterView.swift in Sources */,
				F67E0FF9274EEB9F00980C1E /* FungiListView.swift in Sources */,
				F67E0FFB274EEB9F00980C1E /* LoadingView.swift in Sources */,
				F67E0FD6274EEA4700980C1E /* U_FungiFinderApp.swift in Sources */,
				F6A3A3E6274EFAA7008421C1 /* TaskDetailView.swift in Sources */,
			);
			runOnlyForDeploymentPostprocessing = 0;
		};
/* End PBXSourcesBuildPhase section */

/* Begin XCBuildConfiguration section */
		F67E0FDE274EEA4800980C1E /* Debug */ = {
			isa = XCBuildConfiguration;
			buildSettings = {
				ALWAYS_SEARCH_USER_PATHS = NO;
				CLANG_ANALYZER_NONNULL = YES;
				CLANG_ANALYZER_NUMBER_OBJECT_CONVERSION = YES_AGGRESSIVE;
				CLANG_CXX_LANGUAGE_STANDARD = "gnu++17";
				CLANG_CXX_LIBRARY = "libc++";
				CLANG_ENABLE_MODULES = YES;
				CLANG_ENABLE_OBJC_ARC = YES;
				CLANG_ENABLE_OBJC_WEAK = YES;
				CLANG_WARN_BLOCK_CAPTURE_AUTORELEASING = YES;
				CLANG_WARN_BOOL_CONVERSION = YES;
				CLANG_WARN_COMMA = YES;
				CLANG_WARN_CONSTANT_CONVERSION = YES;
				CLANG_WARN_DEPRECATED_OBJC_IMPLEMENTATIONS = YES;
				CLANG_WARN_DIRECT_OBJC_ISA_USAGE = YES_ERROR;
				CLANG_WARN_DOCUMENTATION_COMMENTS = YES;
				CLANG_WARN_EMPTY_BODY = YES;
				CLANG_WARN_ENUM_CONVERSION = YES;
				CLANG_WARN_INFINITE_RECURSION = YES;
				CLANG_WARN_INT_CONVERSION = YES;
				CLANG_WARN_NON_LITERAL_NULL_CONVERSION = YES;
				CLANG_WARN_OBJC_IMPLICIT_RETAIN_SELF = YES;
				CLANG_WARN_OBJC_LITERAL_CONVERSION = YES;
				CLANG_WARN_OBJC_ROOT_CLASS = YES_ERROR;
				CLANG_WARN_QUOTED_INCLUDE_IN_FRAMEWORK_HEADER = YES;
				CLANG_WARN_RANGE_LOOP_ANALYSIS = YES;
				CLANG_WARN_STRICT_PROTOTYPES = YES;
				CLANG_WARN_SUSPICIOUS_MOVE = YES;
				CLANG_WARN_UNGUARDED_AVAILABILITY = YES_AGGRESSIVE;
				CLANG_WARN_UNREACHABLE_CODE = YES;
				CLANG_WARN__DUPLICATE_METHOD_MATCH = YES;
				COPY_PHASE_STRIP = NO;
				DEBUG_INFORMATION_FORMAT = dwarf;
				ENABLE_STRICT_OBJC_MSGSEND = YES;
				ENABLE_TESTABILITY = YES;
				GCC_C_LANGUAGE_STANDARD = gnu11;
				GCC_DYNAMIC_NO_PIC = NO;
				GCC_NO_COMMON_BLOCKS = YES;
				GCC_OPTIMIZATION_LEVEL = 0;
				GCC_PREPROCESSOR_DEFINITIONS = (
					"DEBUG=1",
					"$(inherited)",
				);
				GCC_WARN_64_TO_32_BIT_CONVERSION = YES;
				GCC_WARN_ABOUT_RETURN_TYPE = YES_ERROR;
				GCC_WARN_UNDECLARED_SELECTOR = YES;
				GCC_WARN_UNINITIALIZED_AUTOS = YES_AGGRESSIVE;
				GCC_WARN_UNUSED_FUNCTION = YES;
				GCC_WARN_UNUSED_VARIABLE = YES;
				IPHONEOS_DEPLOYMENT_TARGET = 15.0;
				MTL_ENABLE_DEBUG_INFO = INCLUDE_SOURCE;
				MTL_FAST_MATH = YES;
				ONLY_ACTIVE_ARCH = YES;
				SDKROOT = iphoneos;
				SWIFT_ACTIVE_COMPILATION_CONDITIONS = DEBUG;
				SWIFT_OPTIMIZATION_LEVEL = "-Onone";
			};
			name = Debug;
		};
		F67E0FDF274EEA4800980C1E /* Release */ = {
			isa = XCBuildConfiguration;
			buildSettings = {
				ALWAYS_SEARCH_USER_PATHS = NO;
				CLANG_ANALYZER_NONNULL = YES;
				CLANG_ANALYZER_NUMBER_OBJECT_CONVERSION = YES_AGGRESSIVE;
				CLANG_CXX_LANGUAGE_STANDARD = "gnu++17";
				CLANG_CXX_LIBRARY = "libc++";
				CLANG_ENABLE_MODULES = YES;
				CLANG_ENABLE_OBJC_ARC = YES;
				CLANG_ENABLE_OBJC_WEAK = YES;
				CLANG_WARN_BLOCK_CAPTURE_AUTORELEASING = YES;
				CLANG_WARN_BOOL_CONVERSION = YES;
				CLANG_WARN_COMMA = YES;
				CLANG_WARN_CONSTANT_CONVERSION = YES;
				CLANG_WARN_DEPRECATED_OBJC_IMPLEMENTATIONS = YES;
				CLANG_WARN_DIRECT_OBJC_ISA_USAGE = YES_ERROR;
				CLANG_WARN_DOCUMENTATION_COMMENTS = YES;
				CLANG_WARN_EMPTY_BODY = YES;
				CLANG_WARN_ENUM_CONVERSION = YES;
				CLANG_WARN_INFINITE_RECURSION = YES;
				CLANG_WARN_INT_CONVERSION = YES;
				CLANG_WARN_NON_LITERAL_NULL_CONVERSION = YES;
				CLANG_WARN_OBJC_IMPLICIT_RETAIN_SELF = YES;
				CLANG_WARN_OBJC_LITERAL_CONVERSION = YES;
				CLANG_WARN_OBJC_ROOT_CLASS = YES_ERROR;
				CLANG_WARN_QUOTED_INCLUDE_IN_FRAMEWORK_HEADER = YES;
				CLANG_WARN_RANGE_LOOP_ANALYSIS = YES;
				CLANG_WARN_STRICT_PROTOTYPES = YES;
				CLANG_WARN_SUSPICIOUS_MOVE = YES;
				CLANG_WARN_UNGUARDED_AVAILABILITY = YES_AGGRESSIVE;
				CLANG_WARN_UNREACHABLE_CODE = YES;
				CLANG_WARN__DUPLICATE_METHOD_MATCH = YES;
				COPY_PHASE_STRIP = NO;
				DEBUG_INFORMATION_FORMAT = "dwarf-with-dsym";
				ENABLE_NS_ASSERTIONS = NO;
				ENABLE_STRICT_OBJC_MSGSEND = YES;
				GCC_C_LANGUAGE_STANDARD = gnu11;
				GCC_NO_COMMON_BLOCKS = YES;
				GCC_WARN_64_TO_32_BIT_CONVERSION = YES;
				GCC_WARN_ABOUT_RETURN_TYPE = YES_ERROR;
				GCC_WARN_UNDECLARED_SELECTOR = YES;
				GCC_WARN_UNINITIALIZED_AUTOS = YES_AGGRESSIVE;
				GCC_WARN_UNUSED_FUNCTION = YES;
				GCC_WARN_UNUSED_VARIABLE = YES;
				IPHONEOS_DEPLOYMENT_TARGET = 15.0;
				MTL_ENABLE_DEBUG_INFO = NO;
				MTL_FAST_MATH = YES;
				SDKROOT = iphoneos;
				SWIFT_COMPILATION_MODE = wholemodule;
				SWIFT_OPTIMIZATION_LEVEL = "-O";
				VALIDATE_PRODUCT = YES;
			};
			name = Release;
		};
		F67E0FE1274EEA4800980C1E /* Debug */ = {
			isa = XCBuildConfiguration;
			buildSettings = {
				ASSETCATALOG_COMPILER_APPICON_NAME = AppIcon;
				ASSETCATALOG_COMPILER_GLOBAL_ACCENT_COLOR_NAME = AccentColor;
				CODE_SIGN_STYLE = Automatic;
				CURRENT_PROJECT_VERSION = 1;
				DEVELOPMENT_ASSET_PATHS = "\"U_FungiFinder/Preview Content\"";
				DEVELOPMENT_TEAM = WM9Y6XVZYN;
				ENABLE_PREVIEWS = YES;
				GENERATE_INFOPLIST_FILE = YES;
				INFOPLIST_KEY_UIApplicationSceneManifest_Generation = YES;
				INFOPLIST_KEY_UIApplicationSupportsIndirectInputEvents = YES;
				INFOPLIST_KEY_UILaunchScreen_Generation = YES;
				INFOPLIST_KEY_UISupportedInterfaceOrientations_iPad = "UIInterfaceOrientationPortrait UIInterfaceOrientationPortraitUpsideDown UIInterfaceOrientationLandscapeLeft UIInterfaceOrientationLandscapeRight";
				INFOPLIST_KEY_UISupportedInterfaceOrientations_iPhone = "UIInterfaceOrientationPortrait UIInterfaceOrientationLandscapeLeft UIInterfaceOrientationLandscapeRight";
				LD_RUNPATH_SEARCH_PATHS = (
					"$(inherited)",
					"@executable_path/Frameworks",
				);
				MARKETING_VERSION = 1.0;
				PRODUCT_BUNDLE_IDENTIFIER = "com.isyet.U-FungiFinder";
				PRODUCT_NAME = "$(TARGET_NAME)";
				SWIFT_EMIT_LOC_STRINGS = YES;
				SWIFT_VERSION = 5.0;
				TARGETED_DEVICE_FAMILY = "1,2";
			};
			name = Debug;
		};
		F67E0FE2274EEA4800980C1E /* Release */ = {
			isa = XCBuildConfiguration;
			buildSettings = {
				ASSETCATALOG_COMPILER_APPICON_NAME = AppIcon;
				ASSETCATALOG_COMPILER_GLOBAL_ACCENT_COLOR_NAME = AccentColor;
				CODE_SIGN_STYLE = Automatic;
				CURRENT_PROJECT_VERSION = 1;
				DEVELOPMENT_ASSET_PATHS = "\"U_FungiFinder/Preview Content\"";
				DEVELOPMENT_TEAM = WM9Y6XVZYN;
				ENABLE_PREVIEWS = YES;
				GENERATE_INFOPLIST_FILE = YES;
				INFOPLIST_KEY_UIApplicationSceneManifest_Generation = YES;
				INFOPLIST_KEY_UIApplicationSupportsIndirectInputEvents = YES;
				INFOPLIST_KEY_UILaunchScreen_Generation = YES;
				INFOPLIST_KEY_UISupportedInterfaceOrientations_iPad = "UIInterfaceOrientationPortrait UIInterfaceOrientationPortraitUpsideDown UIInterfaceOrientationLandscapeLeft UIInterfaceOrientationLandscapeRight";
				INFOPLIST_KEY_UISupportedInterfaceOrientations_iPhone = "UIInterfaceOrientationPortrait UIInterfaceOrientationLandscapeLeft UIInterfaceOrientationLandscapeRight";
				LD_RUNPATH_SEARCH_PATHS = (
					"$(inherited)",
					"@executable_path/Frameworks",
				);
				MARKETING_VERSION = 1.0;
				PRODUCT_BUNDLE_IDENTIFIER = "com.isyet.U-FungiFinder";
				PRODUCT_NAME = "$(TARGET_NAME)";
				SWIFT_EMIT_LOC_STRINGS = YES;
				SWIFT_VERSION = 5.0;
				TARGETED_DEVICE_FAMILY = "1,2";
			};
			name = Release;
		};
/* End XCBuildConfiguration section */

/* Begin XCConfigurationList section */
		F67E0FCD274EEA4700980C1E /* Build configuration list for PBXProject "U_FungiFinder" */ = {
			isa = XCConfigurationList;
			buildConfigurations = (
				F67E0FDE274EEA4800980C1E /* Debug */,
				F67E0FDF274EEA4800980C1E /* Release */,
			);
			defaultConfigurationIsVisible = 0;
			defaultConfigurationName = Release;
		};
		F67E0FE0274EEA4800980C1E /* Build configuration list for PBXNativeTarget "U_FungiFinder" */ = {
			isa = XCConfigurationList;
			buildConfigurations = (
				F67E0FE1274EEA4800980C1E /* Debug */,
				F67E0FE2274EEA4800980C1E /* Release */,
			);
			defaultConfigurationIsVisible = 0;
			defaultConfigurationName = Release;
		};
/* End XCConfigurationList section */

/* Begin XCRemoteSwiftPackageReference section */
		F67E1000274EF68D00980C1E /* XCRemoteSwiftPackageReference "firebase-ios-sdk" */ = {
			isa = XCRemoteSwiftPackageReference;
			repositoryURL = "https://github.com/firebase/firebase-ios-sdk.git";
			requirement = {
				branch = master;
				kind = branch;
			};
		};
/* End XCRemoteSwiftPackageReference section */

/* Begin XCSwiftPackageProductDependency section */
		F67E1001274EF68D00980C1E /* FirebaseAuth */ = {
			isa = XCSwiftPackageProductDependency;
			package = F67E1000274EF68D00980C1E /* XCRemoteSwiftPackageReference "firebase-ios-sdk" */;
			productName = FirebaseAuth;
		};
		F67E1003274EF68D00980C1E /* FirebaseFirestore */ = {
			isa = XCSwiftPackageProductDependency;
			package = F67E1000274EF68D00980C1E /* XCRemoteSwiftPackageReference "firebase-ios-sdk" */;
			productName = FirebaseFirestore;
		};
		F67E1005274EF68D00980C1E /* FirebaseFirestoreCombine-Community */ = {
			isa = XCSwiftPackageProductDependency;
			package = F67E1000274EF68D00980C1E /* XCRemoteSwiftPackageReference "firebase-ios-sdk" */;
			productName = "FirebaseFirestoreCombine-Community";
		};
		F67E1007274EF68D00980C1E /* FirebaseFirestoreSwift-Beta */ = {
			isa = XCSwiftPackageProductDependency;
			package = F67E1000274EF68D00980C1E /* XCRemoteSwiftPackageReference "firebase-ios-sdk" */;
			productName = "FirebaseFirestoreSwift-Beta";
		};
		F67E1009274EF68D00980C1E /* FirebaseStorage */ = {
			isa = XCSwiftPackageProductDependency;
			package = F67E1000274EF68D00980C1E /* XCRemoteSwiftPackageReference "firebase-ios-sdk" */;
			productName = FirebaseStorage;
		};
		F67E100B274EF68D00980C1E /* FirebaseStorageCombine-Community */ = {
			isa = XCSwiftPackageProductDependency;
			package = F67E1000274EF68D00980C1E /* XCRemoteSwiftPackageReference "firebase-ios-sdk" */;
			productName = "FirebaseStorageCombine-Community";
		};
		F67E100D274EF68D00980C1E /* FirebaseStorageSwift-Beta */ = {
			isa = XCSwiftPackageProductDependency;
			package = F67E1000274EF68D00980C1E /* XCRemoteSwiftPackageReference "firebase-ios-sdk" */;
			productName = "FirebaseStorageSwift-Beta";
		};
/* End XCSwiftPackageProductDependency section */
	};
	rootObject = F67E0FCA274EEA4700980C1E /* Project object */;
}
